<?xml version="1.0" encoding="utf-8"?>
<Project ToolsVersion="4.0" xmlns="http://schemas.microsoft.com/developer/msbuild/2003">
  <ItemGroup>
    <Filter Include="原始程式檔">
      <UniqueIdentifier>{4FC737F1-C7A5-4376-A066-2A32D752A2FF}</UniqueIdentifier>
      <Extensions>cpp;c;cc;cxx;def;odl;idl;hpj;bat;asm;asmx</Extensions>
    </Filter>
    <Filter Include="標頭檔">
      <UniqueIdentifier>{93995380-89BD-4b04-88EB-625FBE52EBFB}</UniqueIdentifier>
      <Extensions>h;hh;hpp;hxx;hm;inl;inc;xsd</Extensions>
    </Filter>
    <Filter Include="資源檔">
      <UniqueIdentifier>{67DA6AB6-F800-4c08-8B7A-83BB121AAD01}</UniqueIdentifier>
      <Extensions>rc;ico;cur;bmp;dlg;rc2;rct;bin;rgs;gif;jpg;jpeg;jpe;resx;tiff;tif;png;wav;mfcribbon-ms</Extensions>
    </Filter>
  </ItemGroup>
  <ItemGroup>
    <Text Include="ReadMe.txt" />
  </ItemGroup>
  <ItemGroup>
    <ClCompile Include="BinaryGap.cpp">
      <Filter>原始程式檔</Filter>
    </ClCompile>
    <ClCompile Include="CyclicRotation.cpp">
      <Filter>原始程式檔</Filter>
    </ClCompile>
    <ClCompile Include="TapeEquilibrium.cpp">
      <Filter>原始程式檔</Filter>
    </ClCompile>
    <ClCompile Include="PermCheck.cpp">
      <Filter>原始程式檔</Filter>
    </ClCompile>
    <ClCompile Include="FrogRiverOne.cpp">
      <Filter>原始程式檔</Filter>
    </ClCompile>
    <ClCompile Include="MissingInteger.cpp">
      <Filter>原始程式檔</Filter>
    </ClCompile>
    <ClCompile Include="template.cpp">
      <Filter>原始程式檔</Filter>
    </ClCompile>
    <ClCompile Include="Equi.cpp">
      <Filter>原始程式檔</Filter>
    </ClCompile>
    <ClCompile Include="template1.cpp">
      <Filter>原始程式檔</Filter>
    </ClCompile>
    <ClCompile Include="CountDiv.cpp">
      <Filter>原始程式檔</Filter>
    </ClCompile>
    <ClCompile Include="PassingCars.cpp">
      <Filter>原始程式檔</Filter>
    </ClCompile>
    <ClCompile Include="Distinct.cpp">
      <Filter>原始程式檔</Filter>
    </ClCompile>
    <ClCompile Include="Triangle.cpp">
      <Filter>原始程式檔</Filter>
    </ClCompile>
    <ClCompile Include="MaxProductOfThree.cpp">
      <Filter>原始程式檔</Filter>
    </ClCompile>
    <ClCompile Include="OddOccurrencesInArray.cpp">
      <Filter>原始程式檔</Filter>
    </ClCompile>
    <ClCompile Include="FrogJmp.cpp">
      <Filter>原始程式檔</Filter>
    </ClCompile>
    <ClCompile Include="PermMissingElem.cpp">
      <Filter>原始程式檔</Filter>
    </ClCompile>
    <ClCompile Include="MaxCounters.cpp">
      <Filter>原始程式檔</Filter>
    </ClCompile>
    <ClCompile Include="GenomicRangeQuery.cpp">
      <Filter>原始程式檔</Filter>
    </ClCompile>
    <ClCompile Include="task1.cpp">
      <Filter>原始程式檔</Filter>
    </ClCompile>
    <ClCompile Include="task2.cpp">
      <Filter>原始程式檔</Filter>
    </ClCompile>
    <ClCompile Include="task3.cpp">
      <Filter>原始程式檔</Filter>
    </ClCompile>
    <ClCompile Include="add_two_numbers.cpp">
      <Filter>原始程式檔</Filter>
    </ClCompile>
  </ItemGroup>
</Project>